// !$*UTF8*$!
{
	archiveVersion = 1;
	classes = {
	};
	objectVersion = 55;
	objects = {

/* Begin PBXBuildFile section */
		054F730167E06F135B8621D3 /* Pods_InstagramClone_InstagramCloneUITests.framework in Frameworks */ = {isa = PBXBuildFile; fileRef = ABAF36168BA12DEBBF3C24B2 /* Pods_InstagramClone_InstagramCloneUITests.framework */; };
		4E2B8164FF2ED498B036D494 /* Pods_InstagramCloneTests.framework in Frameworks */ = {isa = PBXBuildFile; fileRef = D8898A33A6B1827EFB460769 /* Pods_InstagramCloneTests.framework */; };
		84E6ECAF9D8107A800E60D07 /* Pods_InstagramClone.framework in Frameworks */ = {isa = PBXBuildFile; fileRef = 07BCF61AE4DDB526A7430A07 /* Pods_InstagramClone.framework */; };
		EFCA3044286A5D9500DB8A79 /* AppDelegate.m in Sources */ = {isa = PBXBuildFile; fileRef = EFCA3043286A5D9500DB8A79 /* AppDelegate.m */; };
		EFCA3047286A5D9500DB8A79 /* SceneDelegate.m in Sources */ = {isa = PBXBuildFile; fileRef = EFCA3046286A5D9500DB8A79 /* SceneDelegate.m */; };
		EFCA304D286A5D9500DB8A79 /* Main.storyboard in Resources */ = {isa = PBXBuildFile; fileRef = EFCA304B286A5D9500DB8A79 /* Main.storyboard */; };
		EFCA304F286A5D9500DB8A79 /* Assets.xcassets in Resources */ = {isa = PBXBuildFile; fileRef = EFCA304E286A5D9500DB8A79 /* Assets.xcassets */; };
		EFCA3052286A5D9500DB8A79 /* LaunchScreen.storyboard in Resources */ = {isa = PBXBuildFile; fileRef = EFCA3050286A5D9500DB8A79 /* LaunchScreen.storyboard */; };
		EFCA3055286A5D9500DB8A79 /* main.m in Sources */ = {isa = PBXBuildFile; fileRef = EFCA3054286A5D9500DB8A79 /* main.m */; };
		EFCA305F286A5D9600DB8A79 /* InstagramCloneTests.m in Sources */ = {isa = PBXBuildFile; fileRef = EFCA305E286A5D9600DB8A79 /* InstagramCloneTests.m */; };
		EFCA3069286A5D9600DB8A79 /* InstagramCloneUITests.m in Sources */ = {isa = PBXBuildFile; fileRef = EFCA3068286A5D9600DB8A79 /* InstagramCloneUITests.m */; };
		EFCA306B286A5D9600DB8A79 /* InstagramCloneUITestsLaunchTests.m in Sources */ = {isa = PBXBuildFile; fileRef = EFCA306A286A5D9600DB8A79 /* InstagramCloneUITestsLaunchTests.m */; };
		EFCA3078286A64F000DB8A79 /* Config.plist in Resources */ = {isa = PBXBuildFile; fileRef = EFCA3077286A64F000DB8A79 /* Config.plist */; };
		EFD0C9C3286B8FC000CF3EBB /* LoginViewController.m in Sources */ = {isa = PBXBuildFile; fileRef = EFD0C9C2286B8FC000CF3EBB /* LoginViewController.m */; };
		EFD0C9C6286B92F300CF3EBB /* HomeFeedViewController.m in Sources */ = {isa = PBXBuildFile; fileRef = EFD0C9C5286B92F300CF3EBB /* HomeFeedViewController.m */; };
/* End PBXBuildFile section */

/* Begin PBXContainerItemProxy section */
		EFCA305B286A5D9600DB8A79 /* PBXContainerItemProxy */ = {
			isa = PBXContainerItemProxy;
			containerPortal = EFCA3037286A5D9500DB8A79 /* Project object */;
			proxyType = 1;
			remoteGlobalIDString = EFCA303E286A5D9500DB8A79;
			remoteInfo = InstagramClone;
		};
		EFCA3065286A5D9600DB8A79 /* PBXContainerItemProxy */ = {
			isa = PBXContainerItemProxy;
			containerPortal = EFCA3037286A5D9500DB8A79 /* Project object */;
			proxyType = 1;
			remoteGlobalIDString = EFCA303E286A5D9500DB8A79;
			remoteInfo = InstagramClone;
		};
/* End PBXContainerItemProxy section */

/* Begin PBXFileReference section */
		0142157CAD2B57730BC732E7 /* Pods-InstagramClone-InstagramCloneUITests.debug.xcconfig */ = {isa = PBXFileReference; includeInIndex = 1; lastKnownFileType = text.xcconfig; name = "Pods-InstagramClone-InstagramCloneUITests.debug.xcconfig"; path = "Target Support Files/Pods-InstagramClone-InstagramCloneUITests/Pods-InstagramClone-InstagramCloneUITests.debug.xcconfig"; sourceTree = "<group>"; };
		07BCF61AE4DDB526A7430A07 /* Pods_InstagramClone.framework */ = {isa = PBXFileReference; explicitFileType = wrapper.framework; includeInIndex = 0; path = Pods_InstagramClone.framework; sourceTree = BUILT_PRODUCTS_DIR; };
		48098BBBE49AD64C3846048A /* Pods-InstagramClone.debug.xcconfig */ = {isa = PBXFileReference; includeInIndex = 1; lastKnownFileType = text.xcconfig; name = "Pods-InstagramClone.debug.xcconfig"; path = "Target Support Files/Pods-InstagramClone/Pods-InstagramClone.debug.xcconfig"; sourceTree = "<group>"; };
		956781DD8DCEFD0738B5E4FA /* Pods-InstagramCloneTests.release.xcconfig */ = {isa = PBXFileReference; includeInIndex = 1; lastKnownFileType = text.xcconfig; name = "Pods-InstagramCloneTests.release.xcconfig"; path = "Target Support Files/Pods-InstagramCloneTests/Pods-InstagramCloneTests.release.xcconfig"; sourceTree = "<group>"; };
		ABAF36168BA12DEBBF3C24B2 /* Pods_InstagramClone_InstagramCloneUITests.framework */ = {isa = PBXFileReference; explicitFileType = wrapper.framework; includeInIndex = 0; path = Pods_InstagramClone_InstagramCloneUITests.framework; sourceTree = BUILT_PRODUCTS_DIR; };
		BA89C4E140A3FF7295838BB8 /* Pods-InstagramClone.release.xcconfig */ = {isa = PBXFileReference; includeInIndex = 1; lastKnownFileType = text.xcconfig; name = "Pods-InstagramClone.release.xcconfig"; path = "Target Support Files/Pods-InstagramClone/Pods-InstagramClone.release.xcconfig"; sourceTree = "<group>"; };
		D8898A33A6B1827EFB460769 /* Pods_InstagramCloneTests.framework */ = {isa = PBXFileReference; explicitFileType = wrapper.framework; includeInIndex = 0; path = Pods_InstagramCloneTests.framework; sourceTree = BUILT_PRODUCTS_DIR; };
		EFCA303F286A5D9500DB8A79 /* InstagramClone.app */ = {isa = PBXFileReference; explicitFileType = wrapper.application; includeInIndex = 0; path = InstagramClone.app; sourceTree = BUILT_PRODUCTS_DIR; };
		EFCA3042286A5D9500DB8A79 /* AppDelegate.h */ = {isa = PBXFileReference; lastKnownFileType = sourcecode.c.h; path = AppDelegate.h; sourceTree = "<group>"; };
		EFCA3043286A5D9500DB8A79 /* AppDelegate.m */ = {isa = PBXFileReference; lastKnownFileType = sourcecode.c.objc; path = AppDelegate.m; sourceTree = "<group>"; };
		EFCA3045286A5D9500DB8A79 /* SceneDelegate.h */ = {isa = PBXFileReference; lastKnownFileType = sourcecode.c.h; path = SceneDelegate.h; sourceTree = "<group>"; };
		EFCA3046286A5D9500DB8A79 /* SceneDelegate.m */ = {isa = PBXFileReference; lastKnownFileType = sourcecode.c.objc; path = SceneDelegate.m; sourceTree = "<group>"; };
		EFCA304C286A5D9500DB8A79 /* Base */ = {isa = PBXFileReference; lastKnownFileType = file.storyboard; name = Base; path = Base.lproj/Main.storyboard; sourceTree = "<group>"; };
		EFCA304E286A5D9500DB8A79 /* Assets.xcassets */ = {isa = PBXFileReference; lastKnownFileType = folder.assetcatalog; path = Assets.xcassets; sourceTree = "<group>"; };
		EFCA3051286A5D9500DB8A79 /* Base */ = {isa = PBXFileReference; lastKnownFileType = file.storyboard; name = Base; path = Base.lproj/LaunchScreen.storyboard; sourceTree = "<group>"; };
		EFCA3053286A5D9500DB8A79 /* Info.plist */ = {isa = PBXFileReference; lastKnownFileType = text.plist.xml; path = Info.plist; sourceTree = "<group>"; };
		EFCA3054286A5D9500DB8A79 /* main.m */ = {isa = PBXFileReference; lastKnownFileType = sourcecode.c.objc; path = main.m; sourceTree = "<group>"; };
		EFCA305A286A5D9600DB8A79 /* InstagramCloneTests.xctest */ = {isa = PBXFileReference; explicitFileType = wrapper.cfbundle; includeInIndex = 0; path = InstagramCloneTests.xctest; sourceTree = BUILT_PRODUCTS_DIR; };
		EFCA305E286A5D9600DB8A79 /* InstagramCloneTests.m */ = {isa = PBXFileReference; lastKnownFileType = sourcecode.c.objc; path = InstagramCloneTests.m; sourceTree = "<group>"; };
		EFCA3064286A5D9600DB8A79 /* InstagramCloneUITests.xctest */ = {isa = PBXFileReference; explicitFileType = wrapper.cfbundle; includeInIndex = 0; path = InstagramCloneUITests.xctest; sourceTree = BUILT_PRODUCTS_DIR; };
		EFCA3068286A5D9600DB8A79 /* InstagramCloneUITests.m */ = {isa = PBXFileReference; lastKnownFileType = sourcecode.c.objc; path = InstagramCloneUITests.m; sourceTree = "<group>"; };
		EFCA306A286A5D9600DB8A79 /* InstagramCloneUITestsLaunchTests.m */ = {isa = PBXFileReference; lastKnownFileType = sourcecode.c.objc; path = InstagramCloneUITestsLaunchTests.m; sourceTree = "<group>"; };
		EFCA3077286A64F000DB8A79 /* Config.plist */ = {isa = PBXFileReference; lastKnownFileType = text.plist.xml; path = Config.plist; sourceTree = "<group>"; };
		EFD0C9C1286B8FC000CF3EBB /* LoginViewController.h */ = {isa = PBXFileReference; lastKnownFileType = sourcecode.c.h; name = LoginViewController.h; path = ViewController/LoginViewController.h; sourceTree = "<group>"; };
		EFD0C9C2286B8FC000CF3EBB /* LoginViewController.m */ = {isa = PBXFileReference; lastKnownFileType = sourcecode.c.objc; name = LoginViewController.m; path = ViewController/LoginViewController.m; sourceTree = "<group>"; };
		EFD0C9C4286B92F300CF3EBB /* HomeFeedViewController.h */ = {isa = PBXFileReference; lastKnownFileType = sourcecode.c.h; name = HomeFeedViewController.h; path = ViewController/HomeFeedViewController.h; sourceTree = "<group>"; };
		EFD0C9C5286B92F300CF3EBB /* HomeFeedViewController.m */ = {isa = PBXFileReference; lastKnownFileType = sourcecode.c.objc; name = HomeFeedViewController.m; path = ViewController/HomeFeedViewController.m; sourceTree = "<group>"; };
		F201B3745DD60182C9ECE145 /* Pods-InstagramCloneTests.debug.xcconfig */ = {isa = PBXFileReference; includeInIndex = 1; lastKnownFileType = text.xcconfig; name = "Pods-InstagramCloneTests.debug.xcconfig"; path = "Target Support Files/Pods-InstagramCloneTests/Pods-InstagramCloneTests.debug.xcconfig"; sourceTree = "<group>"; };
		F96DC1B88F6716C030BE2900 /* Pods-InstagramClone-InstagramCloneUITests.release.xcconfig */ = {isa = PBXFileReference; includeInIndex = 1; lastKnownFileType = text.xcconfig; name = "Pods-InstagramClone-InstagramCloneUITests.release.xcconfig"; path = "Target Support Files/Pods-InstagramClone-InstagramCloneUITests/Pods-InstagramClone-InstagramCloneUITests.release.xcconfig"; sourceTree = "<group>"; };
/* End PBXFileReference section */

/* Begin PBXFrameworksBuildPhase section */
		EFCA303C286A5D9500DB8A79 /* Frameworks */ = {
			isa = PBXFrameworksBuildPhase;
			buildActionMask = 2147483647;
			files = (
				84E6ECAF9D8107A800E60D07 /* Pods_InstagramClone.framework in Frameworks */,
			);
			runOnlyForDeploymentPostprocessing = 0;
		};
		EFCA3057286A5D9600DB8A79 /* Frameworks */ = {
			isa = PBXFrameworksBuildPhase;
			buildActionMask = 2147483647;
			files = (
				4E2B8164FF2ED498B036D494 /* Pods_InstagramCloneTests.framework in Frameworks */,
			);
			runOnlyForDeploymentPostprocessing = 0;
		};
		EFCA3061286A5D9600DB8A79 /* Frameworks */ = {
			isa = PBXFrameworksBuildPhase;
			buildActionMask = 2147483647;
			files = (
				054F730167E06F135B8621D3 /* Pods_InstagramClone_InstagramCloneUITests.framework in Frameworks */,
			);
			runOnlyForDeploymentPostprocessing = 0;
		};
/* End PBXFrameworksBuildPhase section */

/* Begin PBXGroup section */
		4C0B0B508311FE0FF2F4701F /* Frameworks */ = {
			isa = PBXGroup;
			children = (
				07BCF61AE4DDB526A7430A07 /* Pods_InstagramClone.framework */,
				ABAF36168BA12DEBBF3C24B2 /* Pods_InstagramClone_InstagramCloneUITests.framework */,
				D8898A33A6B1827EFB460769 /* Pods_InstagramCloneTests.framework */,
			);
			name = Frameworks;
			sourceTree = "<group>";
		};
		89FC53EA10826B7E7A73D9FD /* Pods */ = {
			isa = PBXGroup;
			children = (
				48098BBBE49AD64C3846048A /* Pods-InstagramClone.debug.xcconfig */,
				BA89C4E140A3FF7295838BB8 /* Pods-InstagramClone.release.xcconfig */,
				0142157CAD2B57730BC732E7 /* Pods-InstagramClone-InstagramCloneUITests.debug.xcconfig */,
				F96DC1B88F6716C030BE2900 /* Pods-InstagramClone-InstagramCloneUITests.release.xcconfig */,
				F201B3745DD60182C9ECE145 /* Pods-InstagramCloneTests.debug.xcconfig */,
				956781DD8DCEFD0738B5E4FA /* Pods-InstagramCloneTests.release.xcconfig */,
			);
			path = Pods;
			sourceTree = "<group>";
		};
		EFCA3036286A5D9500DB8A79 = {
			isa = PBXGroup;
			children = (
				EFCA3041286A5D9500DB8A79 /* InstagramClone */,
				EFCA305D286A5D9600DB8A79 /* InstagramCloneTests */,
				EFCA3067286A5D9600DB8A79 /* InstagramCloneUITests */,
				EFCA3040286A5D9500DB8A79 /* Products */,
				89FC53EA10826B7E7A73D9FD /* Pods */,
				4C0B0B508311FE0FF2F4701F /* Frameworks */,
			);
			sourceTree = "<group>";
		};
		EFCA3040286A5D9500DB8A79 /* Products */ = {
			isa = PBXGroup;
			children = (
				EFCA303F286A5D9500DB8A79 /* InstagramClone.app */,
				EFCA305A286A5D9600DB8A79 /* InstagramCloneTests.xctest */,
				EFCA3064286A5D9600DB8A79 /* InstagramCloneUITests.xctest */,
			);
			name = Products;
			sourceTree = "<group>";
		};
		EFCA3041286A5D9500DB8A79 /* InstagramClone */ = {
			isa = PBXGroup;
			children = (
				EFCA3042286A5D9500DB8A79 /* AppDelegate.h */,
				EFCA3043286A5D9500DB8A79 /* AppDelegate.m */,
				EFCA3045286A5D9500DB8A79 /* SceneDelegate.h */,
				EFCA3046286A5D9500DB8A79 /* SceneDelegate.m */,
				EFCA304B286A5D9500DB8A79 /* Main.storyboard */,
				EFD0C9C1286B8FC000CF3EBB /* LoginViewController.h */,
				EFD0C9C2286B8FC000CF3EBB /* LoginViewController.m */,
				EFCA304E286A5D9500DB8A79 /* Assets.xcassets */,
				EFCA3050286A5D9500DB8A79 /* LaunchScreen.storyboard */,
				EFCA3053286A5D9500DB8A79 /* Info.plist */,
				EFCA3054286A5D9500DB8A79 /* main.m */,
				EFCA3077286A64F000DB8A79 /* Config.plist */,
				EFD0C9C4286B92F300CF3EBB /* HomeFeedViewController.h */,
				EFD0C9C5286B92F300CF3EBB /* HomeFeedViewController.m */,
			);
			path = InstagramClone;
			sourceTree = "<group>";
		};
		EFCA305D286A5D9600DB8A79 /* InstagramCloneTests */ = {
			isa = PBXGroup;
			children = (
				EFCA305E286A5D9600DB8A79 /* InstagramCloneTests.m */,
			);
			path = InstagramCloneTests;
			sourceTree = "<group>";
		};
		EFCA3067286A5D9600DB8A79 /* InstagramCloneUITests */ = {
			isa = PBXGroup;
			children = (
				EFCA3068286A5D9600DB8A79 /* InstagramCloneUITests.m */,
				EFCA306A286A5D9600DB8A79 /* InstagramCloneUITestsLaunchTests.m */,
			);
			path = InstagramCloneUITests;
			sourceTree = "<group>";
		};
/* End PBXGroup section */

/* Begin PBXNativeTarget section */
		EFCA303E286A5D9500DB8A79 /* InstagramClone */ = {
			isa = PBXNativeTarget;
			buildConfigurationList = EFCA306E286A5D9600DB8A79 /* Build configuration list for PBXNativeTarget "InstagramClone" */;
			buildPhases = (
				AC891CD8F6DA8D48656D23BA /* [CP] Check Pods Manifest.lock */,
				EFCA303B286A5D9500DB8A79 /* Sources */,
				EFCA303C286A5D9500DB8A79 /* Frameworks */,
				EFCA303D286A5D9500DB8A79 /* Resources */,
				395AAF005D7024B3BE439F77 /* [CP] Embed Pods Frameworks */,
			);
			buildRules = (
			);
			dependencies = (
			);
			name = InstagramClone;
			productName = InstagramClone;
			productReference = EFCA303F286A5D9500DB8A79 /* InstagramClone.app */;
			productType = "com.apple.product-type.application";
		};
		EFCA3059286A5D9600DB8A79 /* InstagramCloneTests */ = {
			isa = PBXNativeTarget;
			buildConfigurationList = EFCA3071286A5D9600DB8A79 /* Build configuration list for PBXNativeTarget "InstagramCloneTests" */;
			buildPhases = (
				E66968F92A2E6E28F23B5DB3 /* [CP] Check Pods Manifest.lock */,
				EFCA3056286A5D9600DB8A79 /* Sources */,
				EFCA3057286A5D9600DB8A79 /* Frameworks */,
				EFCA3058286A5D9600DB8A79 /* Resources */,
			);
			buildRules = (
			);
			dependencies = (
				EFCA305C286A5D9600DB8A79 /* PBXTargetDependency */,
			);
			name = InstagramCloneTests;
			productName = InstagramCloneTests;
			productReference = EFCA305A286A5D9600DB8A79 /* InstagramCloneTests.xctest */;
			productType = "com.apple.product-type.bundle.unit-test";
		};
		EFCA3063286A5D9600DB8A79 /* InstagramCloneUITests */ = {
			isa = PBXNativeTarget;
			buildConfigurationList = EFCA3074286A5D9600DB8A79 /* Build configuration list for PBXNativeTarget "InstagramCloneUITests" */;
			buildPhases = (
				71F199C5BA553545954FAB5A /* [CP] Check Pods Manifest.lock */,
				EFCA3060286A5D9600DB8A79 /* Sources */,
				EFCA3061286A5D9600DB8A79 /* Frameworks */,
				EFCA3062286A5D9600DB8A79 /* Resources */,
				E0B901A76C26D8A307A222EA /* [CP] Embed Pods Frameworks */,
			);
			buildRules = (
			);
			dependencies = (
				EFCA3066286A5D9600DB8A79 /* PBXTargetDependency */,
			);
			name = InstagramCloneUITests;
			productName = InstagramCloneUITests;
			productReference = EFCA3064286A5D9600DB8A79 /* InstagramCloneUITests.xctest */;
			productType = "com.apple.product-type.bundle.ui-testing";
		};
/* End PBXNativeTarget section */

/* Begin PBXProject section */
		EFCA3037286A5D9500DB8A79 /* Project object */ = {
			isa = PBXProject;
			attributes = {
				BuildIndependentTargetsInParallel = 1;
				LastUpgradeCheck = 1340;
				TargetAttributes = {
					EFCA303E286A5D9500DB8A79 = {
						CreatedOnToolsVersion = 13.4.1;
					};
					EFCA3059286A5D9600DB8A79 = {
						CreatedOnToolsVersion = 13.4.1;
						TestTargetID = EFCA303E286A5D9500DB8A79;
					};
					EFCA3063286A5D9600DB8A79 = {
						CreatedOnToolsVersion = 13.4.1;
						TestTargetID = EFCA303E286A5D9500DB8A79;
					};
				};
			};
			buildConfigurationList = EFCA303A286A5D9500DB8A79 /* Build configuration list for PBXProject "InstagramClone" */;
			compatibilityVersion = "Xcode 13.0";
			developmentRegion = en;
			hasScannedForEncodings = 0;
			knownRegions = (
				en,
				Base,
			);
			mainGroup = EFCA3036286A5D9500DB8A79;
			productRefGroup = EFCA3040286A5D9500DB8A79 /* Products */;
			projectDirPath = "";
			projectRoot = "";
			targets = (
				EFCA303E286A5D9500DB8A79 /* InstagramClone */,
				EFCA3059286A5D9600DB8A79 /* InstagramCloneTests */,
				EFCA3063286A5D9600DB8A79 /* InstagramCloneUITests */,
			);
		};
/* End PBXProject section */

/* Begin PBXResourcesBuildPhase section */
		EFCA303D286A5D9500DB8A79 /* Resources */ = {
			isa = PBXResourcesBuildPhase;
			buildActionMask = 2147483647;
			files = (
				EFCA3078286A64F000DB8A79 /* Config.plist in Resources */,
				EFCA3052286A5D9500DB8A79 /* LaunchScreen.storyboard in Resources */,
				EFCA304F286A5D9500DB8A79 /* Assets.xcassets in Resources */,
				EFCA304D286A5D9500DB8A79 /* Main.storyboard in Resources */,
			);
			runOnlyForDeploymentPostprocessing = 0;
		};
		EFCA3058286A5D9600DB8A79 /* Resources */ = {
			isa = PBXResourcesBuildPhase;
			buildActionMask = 2147483647;
			files = (
			);
			runOnlyForDeploymentPostprocessing = 0;
		};
		EFCA3062286A5D9600DB8A79 /* Resources */ = {
			isa = PBXResourcesBuildPhase;
			buildActionMask = 2147483647;
			files = (
			);
			runOnlyForDeploymentPostprocessing = 0;
		};
/* End PBXResourcesBuildPhase section */

/* Begin PBXShellScriptBuildPhase section */
		395AAF005D7024B3BE439F77 /* [CP] Embed Pods Frameworks */ = {
			isa = PBXShellScriptBuildPhase;
			buildActionMask = 2147483647;
			files = (
			);
			inputFileListPaths = (
				"${PODS_ROOT}/Target Support Files/Pods-InstagramClone/Pods-InstagramClone-frameworks-${CONFIGURATION}-input-files.xcfilelist",
			);
			name = "[CP] Embed Pods Frameworks";
			outputFileListPaths = (
				"${PODS_ROOT}/Target Support Files/Pods-InstagramClone/Pods-InstagramClone-frameworks-${CONFIGURATION}-output-files.xcfilelist",
			);
			runOnlyForDeploymentPostprocessing = 0;
			shellPath = /bin/sh;
			shellScript = "\"${PODS_ROOT}/Target Support Files/Pods-InstagramClone/Pods-InstagramClone-frameworks.sh\"\n";
			showEnvVarsInLog = 0;
		};
		71F199C5BA553545954FAB5A /* [CP] Check Pods Manifest.lock */ = {
			isa = PBXShellScriptBuildPhase;
			buildActionMask = 2147483647;
			files = (
			);
			inputFileListPaths = (
			);
			inputPaths = (
				"${PODS_PODFILE_DIR_PATH}/Podfile.lock",
				"${PODS_ROOT}/Manifest.lock",
			);
			name = "[CP] Check Pods Manifest.lock";
			outputFileListPaths = (
			);
			outputPaths = (
				"$(DERIVED_FILE_DIR)/Pods-InstagramClone-InstagramCloneUITests-checkManifestLockResult.txt",
			);
			runOnlyForDeploymentPostprocessing = 0;
			shellPath = /bin/sh;
			shellScript = "diff \"${PODS_PODFILE_DIR_PATH}/Podfile.lock\" \"${PODS_ROOT}/Manifest.lock\" > /dev/null\nif [ $? != 0 ] ; then\n    # print error to STDERR\n    echo \"error: The sandbox is not in sync with the Podfile.lock. Run 'pod install' or update your CocoaPods installation.\" >&2\n    exit 1\nfi\n# This output is used by Xcode 'outputs' to avoid re-running this script phase.\necho \"SUCCESS\" > \"${SCRIPT_OUTPUT_FILE_0}\"\n";
			showEnvVarsInLog = 0;
		};
		AC891CD8F6DA8D48656D23BA /* [CP] Check Pods Manifest.lock */ = {
			isa = PBXShellScriptBuildPhase;
			buildActionMask = 2147483647;
			files = (
			);
			inputFileListPaths = (
			);
			inputPaths = (
				"${PODS_PODFILE_DIR_PATH}/Podfile.lock",
				"${PODS_ROOT}/Manifest.lock",
			);
			name = "[CP] Check Pods Manifest.lock";
			outputFileListPaths = (
			);
			outputPaths = (
				"$(DERIVED_FILE_DIR)/Pods-InstagramClone-checkManifestLockResult.txt",
			);
			runOnlyForDeploymentPostprocessing = 0;
			shellPath = /bin/sh;
			shellScript = "diff \"${PODS_PODFILE_DIR_PATH}/Podfile.lock\" \"${PODS_ROOT}/Manifest.lock\" > /dev/null\nif [ $? != 0 ] ; then\n    # print error to STDERR\n    echo \"error: The sandbox is not in sync with the Podfile.lock. Run 'pod install' or update your CocoaPods installation.\" >&2\n    exit 1\nfi\n# This output is used by Xcode 'outputs' to avoid re-running this script phase.\necho \"SUCCESS\" > \"${SCRIPT_OUTPUT_FILE_0}\"\n";
			showEnvVarsInLog = 0;
		};
		E0B901A76C26D8A307A222EA /* [CP] Embed Pods Frameworks */ = {
			isa = PBXShellScriptBuildPhase;
			buildActionMask = 2147483647;
			files = (
			);
			inputFileListPaths = (
				"${PODS_ROOT}/Target Support Files/Pods-InstagramClone-InstagramCloneUITests/Pods-InstagramClone-InstagramCloneUITests-frameworks-${CONFIGURATION}-input-files.xcfilelist",
			);
			name = "[CP] Embed Pods Frameworks";
			outputFileListPaths = (
				"${PODS_ROOT}/Target Support Files/Pods-InstagramClone-InstagramCloneUITests/Pods-InstagramClone-InstagramCloneUITests-frameworks-${CONFIGURATION}-output-files.xcfilelist",
			);
			runOnlyForDeploymentPostprocessing = 0;
			shellPath = /bin/sh;
			shellScript = "\"${PODS_ROOT}/Target Support Files/Pods-InstagramClone-InstagramCloneUITests/Pods-InstagramClone-InstagramCloneUITests-frameworks.sh\"\n";
			showEnvVarsInLog = 0;
		};
		E66968F92A2E6E28F23B5DB3 /* [CP] Check Pods Manifest.lock */ = {
			isa = PBXShellScriptBuildPhase;
			buildActionMask = 2147483647;
			files = (
			);
			inputFileListPaths = (
			);
			inputPaths = (
				"${PODS_PODFILE_DIR_PATH}/Podfile.lock",
				"${PODS_ROOT}/Manifest.lock",
			);
			name = "[CP] Check Pods Manifest.lock";
			outputFileListPaths = (
			);
			outputPaths = (
				"$(DERIVED_FILE_DIR)/Pods-InstagramCloneTests-checkManifestLockResult.txt",
			);
			runOnlyForDeploymentPostprocessing = 0;
			shellPath = /bin/sh;
			shellScript = "diff \"${PODS_PODFILE_DIR_PATH}/Podfile.lock\" \"${PODS_ROOT}/Manifest.lock\" > /dev/null\nif [ $? != 0 ] ; then\n    # print error to STDERR\n    echo \"error: The sandbox is not in sync with the Podfile.lock. Run 'pod install' or update your CocoaPods installation.\" >&2\n    exit 1\nfi\n# This output is used by Xcode 'outputs' to avoid re-running this script phase.\necho \"SUCCESS\" > \"${SCRIPT_OUTPUT_FILE_0}\"\n";
			showEnvVarsInLog = 0;
		};
/* End PBXShellScriptBuildPhase section */

/* Begin PBXSourcesBuildPhase section */
		EFCA303B286A5D9500DB8A79 /* Sources */ = {
			isa = PBXSourcesBuildPhase;
			buildActionMask = 2147483647;
			files = (
				EFD0C9C6286B92F300CF3EBB /* HomeFeedViewController.m in Sources */,
				EFD0C9C3286B8FC000CF3EBB /* LoginViewController.m in Sources */,
				EFCA3044286A5D9500DB8A79 /* AppDelegate.m in Sources */,
				EFCA3055286A5D9500DB8A79 /* main.m in Sources */,
				EFCA3047286A5D9500DB8A79 /* SceneDelegate.m in Sources */,
			);
			runOnlyForDeploymentPostprocessing = 0;
		};
		EFCA3056286A5D9600DB8A79 /* Sources */ = {
			isa = PBXSourcesBuildPhase;
			buildActionMask = 2147483647;
			files = (
				EFCA305F286A5D9600DB8A79 /* InstagramCloneTests.m in Sources */,
			);
			runOnlyForDeploymentPostprocessing = 0;
		};
		EFCA3060286A5D9600DB8A79 /* Sources */ = {
			isa = PBXSourcesBuildPhase;
			buildActionMask = 2147483647;
			files = (
				EFCA3069286A5D9600DB8A79 /* InstagramCloneUITests.m in Sources */,
				EFCA306B286A5D9600DB8A79 /* InstagramCloneUITestsLaunchTests.m in Sources */,
			);
			runOnlyForDeploymentPostprocessing = 0;
		};
/* End PBXSourcesBuildPhase section */

/* Begin PBXTargetDependency section */
		EFCA305C286A5D9600DB8A79 /* PBXTargetDependency */ = {
			isa = PBXTargetDependency;
			target = EFCA303E286A5D9500DB8A79 /* InstagramClone */;
			targetProxy = EFCA305B286A5D9600DB8A79 /* PBXContainerItemProxy */;
		};
		EFCA3066286A5D9600DB8A79 /* PBXTargetDependency */ = {
			isa = PBXTargetDependency;
			target = EFCA303E286A5D9500DB8A79 /* InstagramClone */;
			targetProxy = EFCA3065286A5D9600DB8A79 /* PBXContainerItemProxy */;
		};
/* End PBXTargetDependency section */

/* Begin PBXVariantGroup section */
		EFCA304B286A5D9500DB8A79 /* Main.storyboard */ = {
			isa = PBXVariantGroup;
			children = (
				EFCA304C286A5D9500DB8A79 /* Base */,
			);
			name = Main.storyboard;
			sourceTree = "<group>";
		};
		EFCA3050286A5D9500DB8A79 /* LaunchScreen.storyboard */ = {
			isa = PBXVariantGroup;
			children = (
				EFCA3051286A5D9500DB8A79 /* Base */,
			);
			name = LaunchScreen.storyboard;
			sourceTree = "<group>";
		};
/* End PBXVariantGroup section */

/* Begin XCBuildConfiguration section */
		EFCA306C286A5D9600DB8A79 /* Debug */ = {
			isa = XCBuildConfiguration;
			buildSettings = {
				ALWAYS_SEARCH_USER_PATHS = NO;
				CLANG_ANALYZER_NONNULL = YES;
				CLANG_ANALYZER_NUMBER_OBJECT_CONVERSION = YES_AGGRESSIVE;
				CLANG_CXX_LANGUAGE_STANDARD = "gnu++17";
				CLANG_ENABLE_MODULES = YES;
				CLANG_ENABLE_OBJC_ARC = YES;
				CLANG_ENABLE_OBJC_WEAK = YES;
				CLANG_WARN_BLOCK_CAPTURE_AUTORELEASING = YES;
				CLANG_WARN_BOOL_CONVERSION = YES;
				CLANG_WARN_COMMA = YES;
				CLANG_WARN_CONSTANT_CONVERSION = YES;
				CLANG_WARN_DEPRECATED_OBJC_IMPLEMENTATIONS = YES;
				CLANG_WARN_DIRECT_OBJC_ISA_USAGE = YES_ERROR;
				CLANG_WARN_DOCUMENTATION_COMMENTS = YES;
				CLANG_WARN_EMPTY_BODY = YES;
				CLANG_WARN_ENUM_CONVERSION = YES;
				CLANG_WARN_INFINITE_RECURSION = YES;
				CLANG_WARN_INT_CONVERSION = YES;
				CLANG_WARN_NON_LITERAL_NULL_CONVERSION = YES;
				CLANG_WARN_OBJC_IMPLICIT_RETAIN_SELF = YES;
				CLANG_WARN_OBJC_LITERAL_CONVERSION = YES;
				CLANG_WARN_OBJC_ROOT_CLASS = YES_ERROR;
				CLANG_WARN_QUOTED_INCLUDE_IN_FRAMEWORK_HEADER = YES;
				CLANG_WARN_RANGE_LOOP_ANALYSIS = YES;
				CLANG_WARN_STRICT_PROTOTYPES = YES;
				CLANG_WARN_SUSPICIOUS_MOVE = YES;
				CLANG_WARN_UNGUARDED_AVAILABILITY = YES_AGGRESSIVE;
				CLANG_WARN_UNREACHABLE_CODE = YES;
				CLANG_WARN__DUPLICATE_METHOD_MATCH = YES;
				COPY_PHASE_STRIP = NO;
				DEBUG_INFORMATION_FORMAT = dwarf;
				ENABLE_STRICT_OBJC_MSGSEND = YES;
				ENABLE_TESTABILITY = YES;
				GCC_C_LANGUAGE_STANDARD = gnu11;
				GCC_DYNAMIC_NO_PIC = NO;
				GCC_NO_COMMON_BLOCKS = YES;
				GCC_OPTIMIZATION_LEVEL = 0;
				GCC_PREPROCESSOR_DEFINITIONS = (
					"DEBUG=1",
					"$(inherited)",
				);
				GCC_WARN_64_TO_32_BIT_CONVERSION = YES;
				GCC_WARN_ABOUT_RETURN_TYPE = YES_ERROR;
				GCC_WARN_UNDECLARED_SELECTOR = YES;
				GCC_WARN_UNINITIALIZED_AUTOS = YES_AGGRESSIVE;
				GCC_WARN_UNUSED_FUNCTION = YES;
				GCC_WARN_UNUSED_VARIABLE = YES;
				IPHONEOS_DEPLOYMENT_TARGET = 15.5;
				MTL_ENABLE_DEBUG_INFO = INCLUDE_SOURCE;
				MTL_FAST_MATH = YES;
				ONLY_ACTIVE_ARCH = YES;
				SDKROOT = iphoneos;
			};
			name = Debug;
		};
		EFCA306D286A5D9600DB8A79 /* Release */ = {
			isa = XCBuildConfiguration;
			buildSettings = {
				ALWAYS_SEARCH_USER_PATHS = NO;
				CLANG_ANALYZER_NONNULL = YES;
				CLANG_ANALYZER_NUMBER_OBJECT_CONVERSION = YES_AGGRESSIVE;
				CLANG_CXX_LANGUAGE_STANDARD = "gnu++17";
				CLANG_ENABLE_MODULES = YES;
				CLANG_ENABLE_OBJC_ARC = YES;
				CLANG_ENABLE_OBJC_WEAK = YES;
				CLANG_WARN_BLOCK_CAPTURE_AUTORELEASING = YES;
				CLANG_WARN_BOOL_CONVERSION = YES;
				CLANG_WARN_COMMA = YES;
				CLANG_WARN_CONSTANT_CONVERSION = YES;
				CLANG_WARN_DEPRECATED_OBJC_IMPLEMENTATIONS = YES;
				CLANG_WARN_DIRECT_OBJC_ISA_USAGE = YES_ERROR;
				CLANG_WARN_DOCUMENTATION_COMMENTS = YES;
				CLANG_WARN_EMPTY_BODY = YES;
				CLANG_WARN_ENUM_CONVERSION = YES;
				CLANG_WARN_INFINITE_RECURSION = YES;
				CLANG_WARN_INT_CONVERSION = YES;
				CLANG_WARN_NON_LITERAL_NULL_CONVERSION = YES;
				CLANG_WARN_OBJC_IMPLICIT_RETAIN_SELF = YES;
				CLANG_WARN_OBJC_LITERAL_CONVERSION = YES;
				CLANG_WARN_OBJC_ROOT_CLASS = YES_ERROR;
				CLANG_WARN_QUOTED_INCLUDE_IN_FRAMEWORK_HEADER = YES;
				CLANG_WARN_RANGE_LOOP_ANALYSIS = YES;
				CLANG_WARN_STRICT_PROTOTYPES = YES;
				CLANG_WARN_SUSPICIOUS_MOVE = YES;
				CLANG_WARN_UNGUARDED_AVAILABILITY = YES_AGGRESSIVE;
				CLANG_WARN_UNREACHABLE_CODE = YES;
				CLANG_WARN__DUPLICATE_METHOD_MATCH = YES;
				COPY_PHASE_STRIP = NO;
				DEBUG_INFORMATION_FORMAT = "dwarf-with-dsym";
				ENABLE_NS_ASSERTIONS = NO;
				ENABLE_STRICT_OBJC_MSGSEND = YES;
				GCC_C_LANGUAGE_STANDARD = gnu11;
				GCC_NO_COMMON_BLOCKS = YES;
				GCC_WARN_64_TO_32_BIT_CONVERSION = YES;
				GCC_WARN_ABOUT_RETURN_TYPE = YES_ERROR;
				GCC_WARN_UNDECLARED_SELECTOR = YES;
				GCC_WARN_UNINITIALIZED_AUTOS = YES_AGGRESSIVE;
				GCC_WARN_UNUSED_FUNCTION = YES;
				GCC_WARN_UNUSED_VARIABLE = YES;
				IPHONEOS_DEPLOYMENT_TARGET = 15.5;
				MTL_ENABLE_DEBUG_INFO = NO;
				MTL_FAST_MATH = YES;
				SDKROOT = iphoneos;
				VALIDATE_PRODUCT = YES;
			};
			name = Release;
		};
		EFCA306F286A5D9600DB8A79 /* Debug */ = {
			isa = XCBuildConfiguration;
			baseConfigurationReference = 48098BBBE49AD64C3846048A /* Pods-InstagramClone.debug.xcconfig */;
			buildSettings = {
				ASSETCATALOG_COMPILER_APPICON_NAME = AppIcon;
				ASSETCATALOG_COMPILER_GLOBAL_ACCENT_COLOR_NAME = AccentColor;
				CODE_SIGN_STYLE = Automatic;
				CURRENT_PROJECT_VERSION = 1;
				DEVELOPMENT_TEAM = H7P92584Z4;
				GENERATE_INFOPLIST_FILE = YES;
				INFOPLIST_FILE = InstagramClone/Info.plist;
				INFOPLIST_KEY_UIApplicationSupportsIndirectInputEvents = YES;
				INFOPLIST_KEY_UILaunchStoryboardName = LaunchScreen;
				INFOPLIST_KEY_UIMainStoryboardFile = Main;
				INFOPLIST_KEY_UISupportedInterfaceOrientations_iPad = "UIInterfaceOrientationPortrait UIInterfaceOrientationPortraitUpsideDown UIInterfaceOrientationLandscapeLeft UIInterfaceOrientationLandscapeRight";
				INFOPLIST_KEY_UISupportedInterfaceOrientations_iPhone = "UIInterfaceOrientationPortrait UIInterfaceOrientationLandscapeLeft UIInterfaceOrientationLandscapeRight";
				IPHONEOS_DEPLOYMENT_TARGET = 15.4;
				LD_RUNPATH_SEARCH_PATHS = (
					"$(inherited)",
					"@executable_path/Frameworks",
				);
				MARKETING_VERSION = 1.0;
				PRODUCT_BUNDLE_IDENTIFIER = com.mu.InstagramClone;
				PRODUCT_NAME = "$(TARGET_NAME)";
				SWIFT_EMIT_LOC_STRINGS = YES;
				TARGETED_DEVICE_FAMILY = "1,2";
			};
			name = Debug;
		};
		EFCA3070286A5D9600DB8A79 /* Release */ = {
			isa = XCBuildConfiguration;
			baseConfigurationReference = BA89C4E140A3FF7295838BB8 /* Pods-InstagramClone.release.xcconfig */;
			buildSettings = {
				ASSETCATALOG_COMPILER_APPICON_NAME = AppIcon;
				ASSETCATALOG_COMPILER_GLOBAL_ACCENT_COLOR_NAME = AccentColor;
				CODE_SIGN_STYLE = Automatic;
				CURRENT_PROJECT_VERSION = 1;
				DEVELOPMENT_TEAM = H7P92584Z4;
				GENERATE_INFOPLIST_FILE = YES;
				INFOPLIST_FILE = InstagramClone/Info.plist;
				INFOPLIST_KEY_UIApplicationSupportsIndirectInputEvents = YES;
				INFOPLIST_KEY_UILaunchStoryboardName = LaunchScreen;
				INFOPLIST_KEY_UIMainStoryboardFile = Main;
				INFOPLIST_KEY_UISupportedInterfaceOrientations_iPad = "UIInterfaceOrientationPortrait UIInterfaceOrientationPortraitUpsideDown UIInterfaceOrientationLandscapeLeft UIInterfaceOrientationLandscapeRight";
				INFOPLIST_KEY_UISupportedInterfaceOrientations_iPhone = "UIInterfaceOrientationPortrait UIInterfaceOrientationLandscapeLeft UIInterfaceOrientationLandscapeRight";
				IPHONEOS_DEPLOYMENT_TARGET = 15.4;
				LD_RUNPATH_SEARCH_PATHS = (
					"$(inherited)",
					"@executable_path/Frameworks",
				);
				MARKETING_VERSION = 1.0;
				PRODUCT_BUNDLE_IDENTIFIER = com.mu.InstagramClone;
				PRODUCT_NAME = "$(TARGET_NAME)";
				SWIFT_EMIT_LOC_STRINGS = YES;
				TARGETED_DEVICE_FAMILY = "1,2";
			};
			name = Release;
		};
		EFCA3072286A5D9600DB8A79 /* Debug */ = {
			isa = XCBuildConfiguration;
			baseConfigurationReference = F201B3745DD60182C9ECE145 /* Pods-InstagramCloneTests.debug.xcconfig */;
			buildSettings = {
				BUNDLE_LOADER = "$(TEST_HOST)";
				CODE_SIGN_STYLE = Automatic;
				CURRENT_PROJECT_VERSION = 1;
				DEVELOPMENT_TEAM = H7P92584Z4;
				GENERATE_INFOPLIST_FILE = YES;
				IPHONEOS_DEPLOYMENT_TARGET = 15.5;
				MARKETING_VERSION = 1.0;
				PRODUCT_BUNDLE_IDENTIFIER = com.mu.InstagramCloneTests;
				PRODUCT_NAME = "$(TARGET_NAME)";
				SWIFT_EMIT_LOC_STRINGS = NO;
				TARGETED_DEVICE_FAMILY = "1,2";
				TEST_HOST = "$(BUILT_PRODUCTS_DIR)/InstagramClone.app/InstagramClone";
			};
			name = Debug;
		};
		EFCA3073286A5D9600DB8A79 /* Release */ = {
			isa = XCBuildConfiguration;
			baseConfigurationReference = 956781DD8DCEFD0738B5E4FA /* Pods-InstagramCloneTests.release.xcconfig */;
			buildSettings = {
				BUNDLE_LOADER = "$(TEST_HOST)";
				CODE_SIGN_STYLE = Automatic;
				CURRENT_PROJECT_VERSION = 1;
				DEVELOPMENT_TEAM = H7P92584Z4;
				GENERATE_INFOPLIST_FILE = YES;
				IPHONEOS_DEPLOYMENT_TARGET = 15.5;
				MARKETING_VERSION = 1.0;
				PRODUCT_BUNDLE_IDENTIFIER = com.mu.InstagramCloneTests;
				PRODUCT_NAME = "$(TARGET_NAME)";
				SWIFT_EMIT_LOC_STRINGS = NO;
				TARGETED_DEVICE_FAMILY = "1,2";
				TEST_HOST = "$(BUILT_PRODUCTS_DIR)/InstagramClone.app/InstagramClone";
			};
			name = Release;
		};
		EFCA3075286A5D9600DB8A79 /* Debug */ = {
			isa = XCBuildConfiguration;
			baseConfigurationReference = 0142157CAD2B57730BC732E7 /* Pods-InstagramClone-InstagramCloneUITests.debug.xcconfig */;
			buildSettings = {
				CODE_SIGN_STYLE = Automatic;
				CURRENT_PROJECT_VERSION = 1;
				DEVELOPMENT_TEAM = H7P92584Z4;
				GENERATE_INFOPLIST_FILE = YES;
				MARKETING_VERSION = 1.0;
				PRODUCT_BUNDLE_IDENTIFIER = com.mu.InstagramCloneUITests;
				PRODUCT_NAME = "$(TARGET_NAME)";
				SWIFT_EMIT_LOC_STRINGS = NO;
				TARGETED_DEVICE_FAMILY = "1,2";
				TEST_TARGET_NAME = InstagramClone;
			};
			name = Debug;
		};
		EFCA3076286A5D9600DB8A79 /* Release */ = {
			isa = XCBuildConfiguration;
			baseConfigurationReference = F96DC1B88F6716C030BE2900 /* Pods-InstagramClone-InstagramCloneUITests.release.xcconfig */;
			buildSettings = {
				CODE_SIGN_STYLE = Automatic;
				CURRENT_PROJECT_VERSION = 1;
				DEVELOPMENT_TEAM = H7P92584Z4;
				GENERATE_INFOPLIST_FILE = YES;
				MARKETING_VERSION = 1.0;
				PRODUCT_BUNDLE_IDENTIFIER = com.mu.InstagramCloneUITests;
				PRODUCT_NAME = "$(TARGET_NAME)";
				SWIFT_EMIT_LOC_STRINGS = NO;
				TARGETED_DEVICE_FAMILY = "1,2";
				TEST_TARGET_NAME = InstagramClone;
			};
			name = Release;
		};
/* End XCBuildConfiguration section */

/* Begin XCConfigurationList section */
		EFCA303A286A5D9500DB8A79 /* Build configuration list for PBXProject "InstagramClone" */ = {
			isa = XCConfigurationList;
			buildConfigurations = (
				EFCA306C286A5D9600DB8A79 /* Debug */,
				EFCA306D286A5D9600DB8A79 /* Release */,
			);
			defaultConfigurationIsVisible = 0;
			defaultConfigurationName = Release;
		};
		EFCA306E286A5D9600DB8A79 /* Build configuration list for PBXNativeTarget "InstagramClone" */ = {
			isa = XCConfigurationList;
			buildConfigurations = (
				EFCA306F286A5D9600DB8A79 /* Debug */,
				EFCA3070286A5D9600DB8A79 /* Release */,
			);
			defaultConfigurationIsVisible = 0;
			defaultConfigurationName = Release;
		};
		EFCA3071286A5D9600DB8A79 /* Build configuration list for PBXNativeTarget "InstagramCloneTests" */ = {
			isa = XCConfigurationList;
			buildConfigurations = (
				EFCA3072286A5D9600DB8A79 /* Debug */,
				EFCA3073286A5D9600DB8A79 /* Release */,
			);
			defaultConfigurationIsVisible = 0;
			defaultConfigurationName = Release;
		};
		EFCA3074286A5D9600DB8A79 /* Build configuration list for PBXNativeTarget "InstagramCloneUITests" */ = {
			isa = XCConfigurationList;
			buildConfigurations = (
				EFCA3075286A5D9600DB8A79 /* Debug */,
				EFCA3076286A5D9600DB8A79 /* Release */,
			);
			defaultConfigurationIsVisible = 0;
			defaultConfigurationName = Release;
		};
/* End XCConfigurationList section */
	};
	rootObject = EFCA3037286A5D9500DB8A79 /* Project object */;
}
